{
  "name": "documentation-ecosystem-frontend",
  "version": "0.0.1",
  "lockfileVersion": 3,
  "requires": true,
  "packages": {
    "": {
      "name": "documentation-ecosystem-frontend",
      "version": "0.0.1",
      "dependencies": {
        "react": "^18.2.0",
        "react-dom": "^18.2.0"
      },
      "devDependencies": {
        "@types/react": "^18.2.0",
        "@types/react-dom": "^18.2.0",
        "@vitejs/plugin-react": "^4.2.0",
        "typescript": "^5.2.0",
        "vite": "^5.0.0"
      }
    },
    "node_modules/@babel/code-frame": {
      "version": "7.23.5",
      "resolved": "https://registry.npmjs.org/@babel/code-frame/-/code-frame-7.23.5.tgz",
      "integrity": "sha512-CgH3s1a96LipHCmSoW1/KBLq+Z1JYCModZLk+AjKAE3DgKxM+hXpNgiJ9b1ARVhF07O26oSEUYf3aeUVdhweQ==",
      "dev": true,
      "dependencies": {
        "@babel/highlight": "^7.23.4"
      },
      "engines": {
        "node": ">=6.9.0"
      }
    },
    "node_modules/@babel/highlight": {
      "version": "7.23.4",
      "resolved": "https://registry.npmjs.org/@babel/highlight/-/highlight-7.23.4.tgz",
      "integrity": "sha512-acbRVSL60z7/0fLD3fG6gO8JWqNOUcdLcgtC1d5UJYsqG16guJvyy5Be6SNn/kaER6Stz9Ky00HiImZ2L+KzQ==",
      "dev": true,
      "dependencies": {
        "@babel/helper-validator-identifier": "^7.22.20",
        "chalk": "^2.4.2",
        "js-tokens": "^4.0.0"
      },
      "engines": {
        "node": ">=6.9.0"
      }
    },
    "node_modules/@babel/helper-validator-identifier": {
      "version": "7.22.20",
      "resolved": "https://registry.npmjs.org/@babel/helper-validator-identifier/-/helper-validator-identifier-7.22.20.tgz",
      "integrity": "sha512-Y4OZ+ymsFxQQJUje6gQ2TCX17e1PFaIjoWO56co6BcH3t0/7ZfCkCDSNsMi2 rhythm4kKSDV5Kv7+c4T4GvZW7A==",
      "dev": true,
      "engines": {
        "node": ">=6.9.0"
      }
    },
    "node_modules/@jridgewell/gen-mapping": {
      "version": "0.3.3",
      "resolved": "https://registry.npmjs.org/@jridgewell/gen-mapping/-/gen-mapping-0.3.3.tgz",
      "integrity": "sha512-bV7fXV+DKpyTmYDF3zBeiV+QnDsSTw7izBbd03NArvJ+cCY3t11iezIkgmanHWaywT0Da8+CRoq4L2n1zaXvYw==",
      "dev": true,
      "dependencies": {
        "@jridgewell/resolve-uri": "^3.1.0",
        "@jridgewell/sourcemap-codec": "^1.4.14"
      },
      "engines": {
        "node": ">=6.0.0"
      }
    },
    "node_modules/@jridgewell/resolve-uri": {
      "version": "3.1.1",
      "resolved": "https://registry.npmjs.org/@jridgewell/resolve-uri/-/resolve-uri-3.1.1.tgz",
      "integrity": "sha512-dSYZh7HZtQrsFXOxQiF45ZOScQChtqNUjCEFEM6/Aejt8RSKamicVsi400svwF1BedngoNOH11N6r9InD8rrA==",
      "dev": true,
      "engines": {
        "node": ">=6.0.0"
      }
    },
    "node_modules/@jridgewell/sourcemap-codec": {
      "version": "1.4.15",
      "resolved": "https://registry.npmjs.org/@jridgewell/sourcemap-codec/-/sourcemap-codec-1.4.15.tgz",
      "integrity": "sha512-eF2rxCRulEKvQ00ZyLm+3/sd3Di6TmBsDAkPadqQ3mMvzIdcJgHqL72E+QV5lQW8FGeZLMmRw76NSt0Mc0Xvw==",
      "dev": true
    },
    "node_modules/@jridgewell/trace-mapping": {
      "version": "0.3.20",
      "resolved": "https://registry.npmjs.org/@jridgewell/trace-mapping/-/trace-mapping-0.3.20.tgz",
      "integrity": "sha512-R8LcPeWZol2zR8mm9AdraQnrEBWm6t+wswvCJVm97EA4vqARf4aIdnj5ie5FenXIQjbrHWWmNsapQ8wQ+JcZw==",
      "dev": true,
      "dependencies": {
        "@jridgewell/resolve-uri": "^3.1.0",
        "@jridgewell/sourcemap-codec": "^1.4.14"
      }
    },
    "node_modules/@types/react": {
      "version": "18.2.37",
      "resolved": "https://registry.npmjs.org/@types/react/-/react-18.2.37.tgz",
      "integrity": "sha512-8DUlbwc4yF4A/VSXsVlqG6D/NsnKa7E+5jXraBEzNKMV+bC2lslY4tHt3odPNrtSXaDBSYm/iAPKylhagZruRQ==",
      "dev": true,
      "dependencies": {
        "@types/react-dom": "*"
      }
    },
    "node_modules/@types/react-dom": {
      "version": "18.2.15",
      "resolved": "https://registry.npmjs.org/@types/react-dom/-/react-dom-18.2.15.tgz",
      "integrity": "sha512-HeYKyy1R/fWRATWW1EbIvvMBkXc2r7r1NPwJpQhGvWFCIUiCkwJEma7+qh1XZHtjX7P4Zk1Ys7Nxjp3qGlYKQ==",
      "dev": true,
      "dependencies": {
        "@types/react": "*"
      }
    },
    "node_modules/@vitejs/plugin-react": {
      "version": "4.2.0",
      "resolved": "https://registry.npmjs.org/@vitejs/plugin-react/-/plugin-react-4.2.0.tgz",
      "integrity": "sha512-v5LSyKs7AuC/9hrKIW2sKaACb2KjKE4RpJnJDGrqy4gH0E5vBDW9GDjBaEEw+p3FhVN1b6t7pzxbZXQlDy2Qg==",
      "dev": true,
      "dependencies": {
        "@babel/plugin-transform-react-jsx-self": "^7.23.3",
        "@babel/plugin-transform-react-jsx-source": "^7.23.3"
      },
      "peerDependencies": {
        "vite": "^4.2.0 || ^5.0.0"
      }
    },
    "node_modules/@babel/plugin-transform-react-jsx-self": {
      "version": "7.23.3",
      "resolved": "https://registry.npmjs.org/@babel/plugin-transform-react-jsx-self/-/plugin-transform-react-jsx-self-7.23.3.tgz",
      "integrity": "sha512-qXRvbeUDeMY4rR1zqoJloje2FCtnIByomRulZ6+UES7lTNIGHTx9635ua1pEl8B+tZqhoP2e/1By61Vno6NFA==",
      "dev": true,
      "dependencies": {
        "@babel/helper-plugin-utils": "^7.23.2"
      },
      "engines": {
        "node": ">=6.9.0"
      },
      "peerDependencies": {
        "@babel/core": "^7.0.0-0"
      }
    },
    "node_modules/@babel/helper-plugin-utils": {
      "version": "7.23.2",
      "resolved": "https://registry.npmjs.org/@babel/helper-plugin-utils/-/helper-plugin-utils-7.23.2.tgz",
      "integrity": "sha512-GEV5/fTfEFUUIW0020IpRH0O3f7zwvtzj8qOne+z9Z6uFAiqAv14PoISsa+8/ptmPEIE+NX1+wVEgiMkHTc3g==",
      "dev": true,
      "engines": {
        "node": ">=6.9.0"
      }
    },
    "node_modules/@babel/plugin-transform-react-jsx-source": {
      "version": "7.23.3",
      "resolved": "https://registry.npmjs.org/@babel/plugin-transform-react-jsx-source/-/plugin-transform-react-jsx-source-7.23.3.tgz",
      "integrity": "sha512-NzrK3uWusuYeyo5VPnvCYW+KSpR1ANcqMbEesvldU5NM7Vr4PtwVvnLrFYrI/m40PfxDQnPic6w/wvt/XCHcA==",
      "dev": true,
      "dependencies": {
        "@babel/helper-plugin-utils": "^7.23.2"
      },
      "engines": {
        "node": ">=6.9.0"
      },
      "peerDependencies": {
        "@babel/core": "^7.0.0-0"
      }
    },
    "node_modules/ansi-styles": {
      "version": "3.2.1",
      "resolved": "https://registry.npmjs.org/ansi-styles/-/ansi-styles-3.2.1.tgz",
      "integrity": "sha512-VT0ZsrwYDtZ4ROy50gysC7aZHaXo2xKJU+5YLSxDQTq8AoJdRXdC1g/lqksuQe3f3le3yxVHTDwuCkoCH8Y+8A==",
      "dev": true,
      "dependencies": {
        "color-convert": "^1.9.0"
      },
      "engines": {
        "node": ">=4"
      }
    },
    "node_modules/chalk": {
      "version": "2.4.2",
      "resolved": "https://registry.npmjs.org/chalk/-/chalk-2.4.2.tgz",
      "integrity": "sha512-Mti+f9lpJNcLF3g3pUIgyNK+oKyaXk47Dwe2wNDWrgKNvKIeXrBSktQ0pCsL7QWhuJzejxaJdHTlgjTT2Vrjg==",
      "dev": true,
      "dependencies": {
        "ansi-styles": "^3.2.1",
        "escape-string-regexp": "^1.0.5",
        "supports-color": "^5.3.0"
      },
      "engines": {
        "node": ">=4"
      }
    },
    "node_modules/color-convert": {
      "version": "1.9.3",
      "resolved": "https://registry.npmjs.org/color-convert/-/color-convert-1.9.3.tgz",
      "integrity": "sha512-QfAUtd+vFdAtaVmB5vufg4D3OkiqKZED/NYw56xvvGHeJwXVHcPEIPnqkFFBOq5kBFWDMvqWQYoO7jDhs1avXA==",
      "dev": true,
      "dependencies": {
        "color-name": "1.1.3"
      }
    },
    "node_modules/color-name": {
      "version": "1.1.3",
      "resolved": "https://registry.npmjs.org/color-name/-/color-name-1.1.3.tgz",
      "integrity": "sha512-72fSenhMw2Mf7NW7ekWEJSDDWLvadmpqdp9x0KSMoRFLVI3PlCJtZNLCbyEs8QotIscW86yNmsjQ9MUZkZG+XQ==",
      "dev": true
    },
    "node_modules/esbuild": {
      "version": "0.19.9",
      "resolved": "https://registry.npmjs.org/esbuild/-/esbuild-0.19.9.tgz",
      "integrity": "sha512-U5g8B5+Zc/6AEVIE+gMWB94Rk1gsB4MQGDEQVDdHnvj1lr+vG07N7DYV+VaIjiqWZiJbpMjN8SEd6NtfXrLifA==",
      "dev": true,
      "hasInstallScript": true,
      "bin": {
        "esbuild": "bin/esbuild"
      },
      "engines": {
        "node": ">=12"
      },
      "optionalDependencies": {
        "@esbuild/android-arm": "0.19.9",
        "@esbuild/android-arm64": "0.19.9",
        "@esbuild/android-x64": "0.19.9",
        "@esbuild/darwin-arm64": "0.19.9",
        "@esbuild/darwin-x64": "0.19.9",
        "@esbuild/freebsd-arm64": "0.19.9",
        "@esbuild/freebsd-x64": "0.19.9",
        "@esbuild/linux-arm": "0.19.9",
        "@esbuild/linux-arm64": "0.19.9",
        "@esbuild/linux-ia32": "0.19.9",
        "@esbuild/linux-loong64": "0.19.9",
        "@esbuild/linux-mips64el": "0.19.9",
        "@esbuild/linux-ppc64": "0.19.9",
        "@esbuild/linux-riscv64": "0.19.9",
        "@esbuild/linux-s390x": "0.19.9",
        "@esbuild/linux-x64": "0.19.9",
        "@esbuild/netbsd-x64": "0.19.9",
        "@esbuild/openbsd-x64": "0.19.9",
        "@esbuild/sunos-x64": "0.19.9",
        "@esbuild/win32-arm64": "0.19.9",
        "@esbuild/win32-ia32": "0.19.9",
        "@esbuild/win32-x64": "0.19.9"
      }
    },
    "node_modules/escape-string-regexp": {
      "version": "1.0.5",
      "resolved": "https://registry.npmjs.org/escape-string-regexp/-/escape-string-regexp-1.0.5.tgz",
      "integrity": "sha512-vbRorB5FUQWvla3gP2eGuEqLvRGgmKHFvw1BGYqBA14z3JO2B8Itsim6m7dDYaIY9YYAL/tNRCqBh60QT6kcQ==",
      "dev": true,
      "engines": {
        "node": ">=0.8.0"
      }
    },
    "node_modules/has-flag": {
      "version": "3.0.0",
      "resolved": "https://registry.npmjs.org/has-flag/-/has-flag-3.0.0.tgz",
      "integrity": "sha512-sKJf1+ceQBr4SMkvQnx3dVNxxsAqiCVvtFpqJ0FKWVF3FXDPfCgH17A84h5Yy1h2LvXRZnPQlGp+ZS5YjJ5dw==",
      "dev": true,
      "engines": {
        "node": ">=4"
      }
    },
    "node_modules/js-tokens": {
      "version": "4.0.0",
      "resolved": "https://registry.npmjs.org/js-tokens/-/js-tokens-4.0.0.tgz",
      "integrity": "sha512-RdJUflcQPWeL2c3qUfhedLJNMGP1Z58eJrCalGkVSIVp1gQ+1Nga20o+aiKKs3mtMQ0sQlwIozN4OApAyYkevQ==",
      "dev": true
    },
    "node_modules/postcss": {
      "version": "8.4.31",
      "resolved": "https://registry.npmjs.org/postcss/-/postcss-8.4.31.tgz",
      "integrity": "sha512-PS08Iboia9mts/2ysP3vP+OvAXAKAFrVSVgB3ai0zpJCWCcpNeS/FjSbB+flavor8ztAPZEg2G9LFmYgpHtIAww==",
      "dev": true,
      "dependencies": {
        "nanoid": "^3.3.6",
        "picocolors": "^1.0.0",
        "source-map": "^0.6.1"
      },
      "engines": {
        "node": "^10 || ^12 >= 12.2 || >=14.0"
      },
      "funding": {
        "type": "opencollective",
        "url": "https://opencollective.com/postcss/"
      }
    },
    "node_modules/nanoid": {
      "version": "3.3.6",
      "resolved": "https://registry.npmjs.org/nanoid/-/nanoid-3.3.6.tgz",
      "integrity": "sha512-BGcqMMJuToF7i1rt+2QvorvQwub/b3peBLaSVDajx+DcJ1Nqású+881YFf6uNwzqeCbB7u9f6b1oxkL100AxZw==",
      "dev": true,
      "bin": {
        "nanoid": "bin/nanoid.js"
      },
      "engines": {
        "node": "^10 || ^12 || ^13 || ^14 || ^15 || ^16 || ^17 || >=18"
      }
    },
    "node_modules/picocolors": {
      "version": "1.0.0",
      "resolved": "https://registry.npmjs.org/picocolors/-/picocolors-1.0.0.tgz",
      "integrity": "sha512-1fygroTLlHu66zi26VoTDv8yRgm0Fccecssto+MK6+FqHKFVATrZSfupQQ74JpmVSLVDJtDqyV4nSE338xl9+A=="
    },
    "node_modules/react": {
      "version": "18.2.0",
      "resolved": "https://registry.npmjs.org/react/-/react-18.2.0.tgz",
      "integrity": "sha512-/3IjMdb2L9QbBdWiW5e3P2/npwMBaU9mHCSJwhUmhEC+hgPVqfgcN9qYqXF0mMVm8ls/3H0IBtvPo9aNW8qCSA==",
      "dependencies": {
        "loose-envify": "^1.1.0"
      },
      "engines": {
        "node": ">=0.10.0"
      }
    },
    "node_modules/react-dom": {
      "version": "18.2.0",
      "resolved": "https://registry.npmjs.org/react-dom/-/react-dom-18.2.0.tgz",
      "integrity": "sha512-6IMTriUmvsjHUjNtEDudZfuDQUcTY4JYh74mLr3dViF9+9nCpDlFXsSVOED71PLMsUYHuGWGesPfischer2riQg==",
      "dependencies": {
        "loose-envify": "^1.1.0",
        "scheduler": "^0.23.0"
      },
      "peerDependencies": {
        "react": "^18.2.0"
      }
    },
    "node_modules/loose-envify": {
      "version": "1.4.0",
      "resolved": "https://registry.npmjs.org/loose-envify/-/loose-envify-1.4.0.tgz",
      "integrity": "sha512-lyuxPGr/wvjc4dGreKQEO+OMY8XVrZixH/go06AH2upQ20jsssLXWQsvZcdkomEsQY71AIEaocULS9ibKaHe8w==",
      "dependencies": {
        "js-tokens": "^3.0.0 || ^4.0.0"
      },
      "bin": {
        "loose-envify": "loose-envify"
      }
    },
    "node_modules/scheduler": {
      "version": "0.23.0",
      "resolved": "https://registry.npmjs.org/scheduler/-/scheduler-0.23.0.tgz",
      "integrity": "sha512-CtutvjYTBLm76cVQcOStpYDzHoMk1LL8YQEdGrW4rytkml3QRa647TqyS6l0QM4zqvzAmvvsekAW5rKiJRZ51w=="
    },
    "node_modules/source-map": {
      "version": "0.6.1",
      "resolved": "https://registry.npmjs.org/source-map/-/source-map-0.6.1.tgz",
      "integrity": "sha512-UjgapumWlbMhkBgJL7KNfszhNLlPoPWJQCqw+4Ac+ZoE5oPmTFqijJTA9qUJDTuCcLMEeextract32pSvk6PI0Xw==",
      "dev": true,
      "engines": {
        "node": ">=0.10.0"
      }
    },
    "node_modules/supports-color": {
      "version": "5.5.0",
      "resolved": "https://registry.npmjs.org/supports-color/-/supports-color-5.5.0.tgz",
      "integrity": "sha512-QjVjwdXIt408MIiAqCX7T+cpLk9Kw05ZoUUgNwYZaCXXFJaKFNOnI+6Ae0klHGcdYzNbOZN+Q6StY9JxxKuQDQ==",
      "dev": true,
      "dependencies": {
        "has-flag": "^3.0.0"
      },
      "engines": {
        "node": ">=4"
      }
    },
    "node_modules/typescript": {
      "version": "5.2.2",
      "resolved": "https://registry.npmjs.org/typescript/-/typescript-5.2.2.tgz",
      "integrity": "sha512-mI4WrpHsbCIYE7/VgIIh7jL9zv2iZ2ShyNcSFkzsLl1inVEVMq7E1xjlzVlJ5Dkpr0XlSjtBAxExlmI/4QmUw==",
      "dev": true,
      "bin": {
        "tsc": "bin/tsc",
        "tsserver": "bin/tsserver"
      },
      "engines": {
        "node": ">=14.17"
      }
    },
    "node_modules/vite": {
      "version": "5.0.8",
      "resolved": "https://registry.npmjs.org/vite/-/vite-5.0.8.tgz",
      "integrity": "sha512-ngYqbM94+4k25+eoql20UNGjDfEd2g9Y2z/3kzD/TL41j/dBWtVE1y4qzhM1y8ItEGWpqVe3fXR9XWn8dJ+1A==",
      "dev": true,
      "dependencies": {
        "esbuild": "^0.19.3",
        "postcss": "^8.4.31",
        "resolve": "^1.22.4",
        "rollup": "^4.2.0"
      },
      "bin": {
        "vite": "bin/vite.js"
      },
      "engines": {
        "node": "^18.0.0 || >=20.0.0"
      },
      "funding": {
        "url": "https://vitejs.dev/guide/sponsorship.html"
      },
      "optionalDependencies": {
        "fsevents": "~2.3.2"
      }
    },
    "node_modules/resolve": {
      "version": "1.22.8",
      "resolved": "https://registry.npmjs.org/resolve/-/resolve-1.22.8.tgz",
      "integrity": "sha512-oKWePCxqpd6FlLvGV1VU0x7bkPmmCNolxTStN+J7fLBEdcs5nQSksi6mzV7ZeZisH7LdO+KhorZlMiniMQccQA==",
      "dev": true,
      "dependencies": {
        "is-core-module": "^2.13.0",
        "path-parse": "^1.0.7"
      },
      "bin": {
        "resolve": "bin/resolve"
      },
      "funding": {
        "url": "https://github.com/browserify/resolve?sponsor=1"
      }
    },
    "node_modules/is-core-module": {
      "version": "2.13.1",
      "resolved": "https://registry.npmjs.org/is-core-module/-/is-core-module-2.13.1.tgz",
      "integrity": "sha512-Z7dk6Qo8pOCp3l4tsX2C5TtXea2mXTVmVocND5MgO3e8DUHohtsInZxMCUMNLABtYxVAn4fuhHnzNvk5nonQnQ==",
      "dev": true,
      "dependencies": {
        "has-exact-version": "^2.0.0"
      },
      "funding": {
        "url": "https://github.com/sponsors/ljharb"
      }
    },
    "node_modules/has-exact-version": {
      "version": "2.0.0",
      "resolved": "https://registry.npmjs.org/has-exact-version/-/has-exact-version-2.0.0.tgz",
      "integrity": "sha512-SweYa92vP0jWXYy7WJxFDBf4wfbSmrLnw4J37PPB8cc3Z8+r4YvEML2TUUCJuFMsKNs+qDBVlKlq5HyMR3geVw==",
      "dev": true
    },
    "node_modules/path-parse": {
      "version": "1.0.7",
      "resolved": "https://registry.npmjs.org/path-parse/-/path-parse-1.0.7.tgz",
      "integrity": "sha512-LDJzPVEEEPR+y48z93A0cc0FomNzrwgcrQlCXuLAJc7DwwK3VeUVsuVrmTprVl0PR6H0DWyJfw7yluRMcttQaQ==",
      "dev": true,
      "funding": {
        "url": "https://github.com/sponsors/isaacs"
      }
    },
    "node_modules/rollup": {
      "version": "4.9.6",
      "resolved": "https://registry.npmjs.org/rollup/-/rollup-4.9.6.tgz",
      "integrity": "sha512-05lrakrByeAqn0PiPAr1XyPIaJlqMQR8CDQmXZQnvWIohhfoTksxWQr5QshGYrAnwo5yUopt8jAmtqpzv/lDpg==",
      "dev": true,
      "bin": {
        "rollup": "dist/bin/rollup"
      },
      "engines": {
        "node": ">=18.0.0",
        "npm": ">=8.0.0"
      },
      "optionalDependencies": {
        "@rollup/rollup-android-arm-eabi": "4.9.6",
        "@rollup/rollup-android-arm64": "4.9.6",
        "@rollup/rollup-android-x64": "4.9.6",
        "@rollup/rollup-darwin-arm64": "4.9.6",
        "@rollup/rollup-darwin-x64": "4.9.6",
        "@rollup/rollup-linux-arm-gnueabihf": "4.9.6",
        "@rollup/rollup-linux-arm-musleabihf": "4.9.6",
        "@rollup/rollup-linux-arm64-gnu": "4.9.6",
        "@rollup/rollup-linux-arm64-musl": "4.9.6",
        "@rollup/rollup-linux-ia32": "4.9.6",
        "@rollup/rollup-linux-powerpc64le-gnu": "4.9.6",
        "@rollup/rollup-linux-riscv64-gnu": "4.9.6",
        "@rollup/rollup-linux-s390x-gnu": "4.9.6",
        "@rollup/rollup-linux-x64-gnu": "4.9.6",
        "@rollup/rollup-linux-x64-musl": "4.9.6",
        "@rollup/rollup-win32-arm64-msvc": "4.9.6",
        "@rollup/rollup-win32-ia32-msvc": "4.9.6",
        "@rollup/rollup-win32-x64-msvc": "4.9.6"
      },
      "funding": {
        "type": "opencollective",
        "url": "https://opencollective.com/rollup"
      }
    },
    "node_modules/fsevents": {
      "version": "2.3.3",
      "resolved": "https://registry.npmjs.org/fsevents/-/fsevents-2.3.3.tgz",
      "integrity": "sha512-5xoDfX+fL7faATnagmWtdHoPS6W8HYK2L30nFc4T6wcp3CbkMfrZzr7catdNEVIvwP9+xiwlnbuo8UY/BW0GKA==",
      "dev": true,
      "hasInstallScript": true,
      "optional": true,
      "os": [
        "darwin"
      ],
      "engines": {
        "node": "^8.16.0 || ^10.6.0 || ^12.0.0 || ^14.0.0 || ^16.0.0 || >=18.0.0"
      }
    }
  }
}
