{
  "name": "documentation-ecosystem-frontend",
  "version": "0.0.1",
  "lockfileVersion": 3,
  "requires": true,
  "packages": {
    "": {
      "name": "documentation-ecosystem-frontend",
      "version": "0.0.1",
      "dependencies": {
        "react": "^18.2.0",
        "react-dom": "^18.2.0"
      },
      "devDependencies": {
        "@types/react": "^18.2.0",
        "@types/react-dom": "^18.2.0",
        "@vitejs/plugin-react": "^4.2.0",
        "typescript": "^5.2.0",
        "vite": "^5.0.0"
      }
    }
  }
}
